SITE
  remote: http://community.opscode.com/api/v1
  specs:
    dmg (1.0.0)
    homebrew (1.2.0)
    homesick (0.2.2)
    mac_os_x (1.3.6)
    platform_packages (0.4.2)
    zip_app (0.2.2)

GIT
  remote: https://github.com/patcon/pivotal_workstation.git
  ref: dmg-cookbook
  sha: b2066efd7bf33c8778cd521cb0e12c6bf586cc6e
  specs:
    pivotal_workstation (1.0.0)
      dmg (>= 0.0.0)

DEPENDENCIES
  dmg (>= 0)
  homebrew (>= 0)
  homesick (>= 0)
  mac_os_x (>= 0)
  pivotal_workstation (>= 0)
  platform_packages (>= 0)
  zip_app (>= 0)

